
Microsoft Visual Studio Solution File, Format Version 12.00
Project("{FAE04EC0-301F-11D3-BF4B-00C04F79EFBC}") = "UnifiedAuthService", "UnifiedAuthService\UnifiedAuthService.csproj", "{82FDDC08-C559-46EC-B230-5ED1BDE1B17E}"
EndProject
Global
	GlobalSection(SolutionConfigurationPlatforms) = preSolution
		Debug|Any CPU = Debug|Any CPU
		Release|Any CPU = Release|Any CPU
	EndGlobalSection
	GlobalSection(ProjectConfigurationPlatforms) = postSolution
		{82FDDC08-C559-46EC-B230-5ED1BDE1B17E}.Debug|Any CPU.ActiveCfg = Debug|Any CPU
		{82FDDC08-C559-46EC-B230-5ED1BDE1B17E}.Debug|Any CPU.Build.0 = Debug|Any CPU
		{82FDDC08-C559-46EC-B230-5ED1BDE1B17E}.Release|Any CPU.ActiveCfg = Release|Any CPU
		{82FDDC08-C559-46EC-B230-5ED1BDE1B17E}.Release|Any CPU.Build.0 = Release|Any CPU
	EndGlobalSection
EndGlobal
