
Microsoft Visual Studio Solution File, Format Version 12.00
Project("{FAE04EC0-301F-11D3-BF4B-00C04F79EFBC}") = "Gatekeeper.Server", "Gatekeeper.Server\Gatekeeper.Server.csproj", "{8FAF5393-8E4F-4209-BBA2-F15881CCBD90}"
EndProject
Project("{2150E333-8FDC-42A3-9474-1A3956D46DE8}") = "Lib", "Lib", "{54E8E5E0-EE9E-47A9-872D-55C0F7D8AE68}"
EndProject
Project("{FAE04EC0-301F-11D3-BF4B-00C04F79EFBC}") = "Hexagon", "..\lib\Hexagon\src\Hexagon\Hexagon.csproj", "{5622CE5E-1AAE-41EC-A92A-C1BF119D69ED}"
EndProject
Project("{FAE04EC0-301F-11D3-BF4B-00C04F79EFBC}") = "Gatekeeper.Tests", "Gatekeeper.Tests\Gatekeeper.Tests.csproj", "{34F134BC-7E1D-466A-BA61-3DDDF7B91B99}"
EndProject
Project("{FAE04EC0-301F-11D3-BF4B-00C04F79EFBC}") = "Gatekeeper.Core", "Gatekeeper.Core\Gatekeeper.Core.csproj", "{1A36B80A-E385-41BC-9DC7-24538F1BC8E9}"
EndProject
Global
	GlobalSection(SolutionConfigurationPlatforms) = preSolution
		Debug|Any CPU = Debug|Any CPU
		Release|Any CPU = Release|Any CPU
	EndGlobalSection
	GlobalSection(ProjectConfigurationPlatforms) = postSolution
		{8FAF5393-8E4F-4209-BBA2-F15881CCBD90}.Debug|Any CPU.ActiveCfg = Debug|Any CPU
		{8FAF5393-8E4F-4209-BBA2-F15881CCBD90}.Debug|Any CPU.Build.0 = Debug|Any CPU
		{8FAF5393-8E4F-4209-BBA2-F15881CCBD90}.Release|Any CPU.ActiveCfg = Release|Any CPU
		{8FAF5393-8E4F-4209-BBA2-F15881CCBD90}.Release|Any CPU.Build.0 = Release|Any CPU
		{5622CE5E-1AAE-41EC-A92A-C1BF119D69ED}.Debug|Any CPU.ActiveCfg = Debug|Any CPU
		{5622CE5E-1AAE-41EC-A92A-C1BF119D69ED}.Debug|Any CPU.Build.0 = Debug|Any CPU
		{5622CE5E-1AAE-41EC-A92A-C1BF119D69ED}.Release|Any CPU.ActiveCfg = Release|Any CPU
		{5622CE5E-1AAE-41EC-A92A-C1BF119D69ED}.Release|Any CPU.Build.0 = Release|Any CPU
		{34F134BC-7E1D-466A-BA61-3DDDF7B91B99}.Debug|Any CPU.ActiveCfg = Debug|Any CPU
		{34F134BC-7E1D-466A-BA61-3DDDF7B91B99}.Debug|Any CPU.Build.0 = Debug|Any CPU
		{34F134BC-7E1D-466A-BA61-3DDDF7B91B99}.Release|Any CPU.ActiveCfg = Release|Any CPU
		{34F134BC-7E1D-466A-BA61-3DDDF7B91B99}.Release|Any CPU.Build.0 = Release|Any CPU
		{1A36B80A-E385-41BC-9DC7-24538F1BC8E9}.Debug|Any CPU.ActiveCfg = Debug|Any CPU
		{1A36B80A-E385-41BC-9DC7-24538F1BC8E9}.Debug|Any CPU.Build.0 = Debug|Any CPU
		{1A36B80A-E385-41BC-9DC7-24538F1BC8E9}.Release|Any CPU.ActiveCfg = Release|Any CPU
		{1A36B80A-E385-41BC-9DC7-24538F1BC8E9}.Release|Any CPU.Build.0 = Release|Any CPU
	EndGlobalSection
	GlobalSection(NestedProjects) = preSolution
		{5622CE5E-1AAE-41EC-A92A-C1BF119D69ED} = {54E8E5E0-EE9E-47A9-872D-55C0F7D8AE68}
	EndGlobalSection
EndGlobal
