
Microsoft Visual Studio Solution File, Format Version 12.00
Project("{FAE04EC0-301F-11D3-BF4B-00C04F79EFBC}") = "Gatekeeper.Server", "Gatekeeper.Server\Gatekeeper.Server.csproj", "{8FAF5393-8E4F-4209-BBA2-F15881CCBD90}"
EndProject
Project("{2150E333-8FDC-42A3-9474-1A3956D46DE8}") = "Lib", "Lib", "{54E8E5E0-EE9E-47A9-872D-55C0F7D8AE68}"
EndProject
Project("{FAE04EC0-301F-11D3-BF4B-00C04F79EFBC}") = "Hexagon", "..\lib\Hexagon\src\Hexagon\Hexagon.csproj", "{5622CE5E-1AAE-41EC-A92A-C1BF119D69ED}"
EndProject
Project("{FAE04EC0-301F-11D3-BF4B-00C04F79EFBC}") = "Gatekeeper.Tests", "Gatekeeper.Tests\Gatekeeper.Tests.csproj", "{34F134BC-7E1D-466A-BA61-3DDDF7B91B99}"
EndProject
Project("{FAE04EC0-301F-11D3-BF4B-00C04F79EFBC}") = "Gatekeeper.Core", "Gatekeeper.Core\Gatekeeper.Core.csproj", "{1A36B80A-E385-41BC-9DC7-24538F1BC8E9}"
EndProject
Project("{2150E333-8FDC-42A3-9474-1A3956D46DE8}") = "Demo", "Demo", "{0878711D-A46B-430E-B30F-C973E738815C}"
EndProject
Project("{FAE04EC0-301F-11D3-BF4B-00C04F79EFBC}") = "FrenchFry.Demo", "FrenchFry.Demo\FrenchFry.Demo.csproj", "{D5F2E247-623B-4038-B208-341923891CDF}"
EndProject
Project("{2150E333-8FDC-42A3-9474-1A3956D46DE8}") = "Integration", "Integration", "{9660A48B-8A69-41DD-A60F-0240C2D274E5}"
EndProject
Project("{FAE04EC0-301F-11D3-BF4B-00C04F79EFBC}") = "Degate", "Degate\Degate.csproj", "{9D498C93-3E8E-4CEE-B208-011A70EF9B19}"
EndProject
Project("{FAE04EC0-301F-11D3-BF4B-00C04F79EFBC}") = "Iri.Glass", "..\lib\Iri.Glass\src\Iri.Glass\Iri.Glass.csproj", "{4E173A9B-8C0C-49D8-9966-860A775FCD17}"
EndProject
Global
	GlobalSection(SolutionConfigurationPlatforms) = preSolution
		Debug|Any CPU = Debug|Any CPU
		Release|Any CPU = Release|Any CPU
	EndGlobalSection
	GlobalSection(ProjectConfigurationPlatforms) = postSolution
		{8FAF5393-8E4F-4209-BBA2-F15881CCBD90}.Debug|Any CPU.ActiveCfg = Debug|Any CPU
		{8FAF5393-8E4F-4209-BBA2-F15881CCBD90}.Debug|Any CPU.Build.0 = Debug|Any CPU
		{8FAF5393-8E4F-4209-BBA2-F15881CCBD90}.Release|Any CPU.ActiveCfg = Release|Any CPU
		{8FAF5393-8E4F-4209-BBA2-F15881CCBD90}.Release|Any CPU.Build.0 = Release|Any CPU
		{5622CE5E-1AAE-41EC-A92A-C1BF119D69ED}.Debug|Any CPU.ActiveCfg = Debug|Any CPU
		{5622CE5E-1AAE-41EC-A92A-C1BF119D69ED}.Debug|Any CPU.Build.0 = Debug|Any CPU
		{5622CE5E-1AAE-41EC-A92A-C1BF119D69ED}.Release|Any CPU.ActiveCfg = Release|Any CPU
		{5622CE5E-1AAE-41EC-A92A-C1BF119D69ED}.Release|Any CPU.Build.0 = Release|Any CPU
		{34F134BC-7E1D-466A-BA61-3DDDF7B91B99}.Debug|Any CPU.ActiveCfg = Debug|Any CPU
		{34F134BC-7E1D-466A-BA61-3DDDF7B91B99}.Debug|Any CPU.Build.0 = Debug|Any CPU
		{34F134BC-7E1D-466A-BA61-3DDDF7B91B99}.Release|Any CPU.ActiveCfg = Release|Any CPU
		{34F134BC-7E1D-466A-BA61-3DDDF7B91B99}.Release|Any CPU.Build.0 = Release|Any CPU
		{1A36B80A-E385-41BC-9DC7-24538F1BC8E9}.Debug|Any CPU.ActiveCfg = Debug|Any CPU
		{1A36B80A-E385-41BC-9DC7-24538F1BC8E9}.Debug|Any CPU.Build.0 = Debug|Any CPU
		{1A36B80A-E385-41BC-9DC7-24538F1BC8E9}.Release|Any CPU.ActiveCfg = Release|Any CPU
		{1A36B80A-E385-41BC-9DC7-24538F1BC8E9}.Release|Any CPU.Build.0 = Release|Any CPU
		{D5F2E247-623B-4038-B208-341923891CDF}.Debug|Any CPU.ActiveCfg = Debug|Any CPU
		{D5F2E247-623B-4038-B208-341923891CDF}.Debug|Any CPU.Build.0 = Debug|Any CPU
		{D5F2E247-623B-4038-B208-341923891CDF}.Release|Any CPU.ActiveCfg = Release|Any CPU
		{D5F2E247-623B-4038-B208-341923891CDF}.Release|Any CPU.Build.0 = Release|Any CPU
		{9D498C93-3E8E-4CEE-B208-011A70EF9B19}.Debug|Any CPU.ActiveCfg = Debug|Any CPU
		{9D498C93-3E8E-4CEE-B208-011A70EF9B19}.Debug|Any CPU.Build.0 = Debug|Any CPU
		{9D498C93-3E8E-4CEE-B208-011A70EF9B19}.Release|Any CPU.ActiveCfg = Release|Any CPU
		{9D498C93-3E8E-4CEE-B208-011A70EF9B19}.Release|Any CPU.Build.0 = Release|Any CPU
		{4E173A9B-8C0C-49D8-9966-860A775FCD17}.Debug|Any CPU.ActiveCfg = Debug|Any CPU
		{4E173A9B-8C0C-49D8-9966-860A775FCD17}.Debug|Any CPU.Build.0 = Debug|Any CPU
		{4E173A9B-8C0C-49D8-9966-860A775FCD17}.Release|Any CPU.ActiveCfg = Release|Any CPU
		{4E173A9B-8C0C-49D8-9966-860A775FCD17}.Release|Any CPU.Build.0 = Release|Any CPU
	EndGlobalSection
	GlobalSection(NestedProjects) = preSolution
		{5622CE5E-1AAE-41EC-A92A-C1BF119D69ED} = {54E8E5E0-EE9E-47A9-872D-55C0F7D8AE68}
		{D5F2E247-623B-4038-B208-341923891CDF} = {0878711D-A46B-430E-B30F-C973E738815C}
		{9D498C93-3E8E-4CEE-B208-011A70EF9B19} = {9660A48B-8A69-41DD-A60F-0240C2D274E5}
		{4E173A9B-8C0C-49D8-9966-860A775FCD17} = {54E8E5E0-EE9E-47A9-872D-55C0F7D8AE68}
	EndGlobalSection
EndGlobal
